
Microsoft Visual Studio Solution File, Format Version 12.00
# Visual Studio Version 17
VisualStudioVersion = 17.5.002.0
MinimumVisualStudioVersion = 10.0.40219.1
Project("{2150E333-8FDC-42A3-9474-1A3956D46DE8}") = "Proje", "Proje", "{65049DF7-6685-4E43-982D-181AAD70D09F}"
EndProject
Project("{9A19103F-16F7-4668-BE54-9A1E7A4F7556}") = "DeanH-WeatherApp", "Proje\DeanH-WeatherApp\DeanH-WeatherApp.csproj", "{4E52782A-A537-4EA3-BDBF-E08093D9A661}"
EndProject
Global
	GlobalSection(SolutionConfigurationPlatforms) = preSolution
		Debug|Any CPU = Debug|Any CPU
		Release|Any CPU = Release|Any CPU
	EndGlobalSection
	GlobalSection(ProjectConfigurationPlatforms) = postSolution
		{4E52782A-A537-4EA3-BDBF-E08093D9A661}.Debug|Any CPU.ActiveCfg = Debug|Any CPU
		{4E52782A-A537-4EA3-BDBF-E08093D9A661}.Debug|Any CPU.Build.0 = Debug|Any CPU
		{4E52782A-A537-4EA3-BDBF-E08093D9A661}.Release|Any CPU.ActiveCfg = Release|Any CPU
		{4E52782A-A537-4EA3-BDBF-E08093D9A661}.Release|Any CPU.Build.0 = Release|Any CPU
	EndGlobalSection
	GlobalSection(SolutionProperties) = preSolution
		HideSolutionNode = FALSE
	EndGlobalSection
	GlobalSection(NestedProjects) = preSolution
		{4E52782A-A537-4EA3-BDBF-E08093D9A661} = {65049DF7-6685-4E43-982D-181AAD70D09F}
	EndGlobalSection
	GlobalSection(ExtensibilityGlobals) = postSolution
		SolutionGuid = {9E768F35-1DB7-42F8-832F-A44D28BE48C8}
	EndGlobalSection
EndGlobal
